
Microsoft Visual Studio Solution File, Format Version 12.00
# Visual Studio Version 16
VisualStudioVersion = 16.0.29403.142
MinimumVisualStudioVersion = 10.0.40219.1
Project("{FAE04EC0-301F-11D3-BF4B-00C04F79EFBC}") = "Strategy", "Strategy\Strategy.csproj", "{DCB167B4-AA86-4AC1-96B2-752EEA2555CA}"
EndProject
Global
	GlobalSection(SolutionConfigurationPlatforms) = preSolution
		Debug|Any CPU = Debug|Any CPU
		Release|Any CPU = Release|Any CPU
	EndGlobalSection
	GlobalSection(ProjectConfigurationPlatforms) = postSolution
		{DCB167B4-AA86-4AC1-96B2-752EEA2555CA}.Debug|Any CPU.ActiveCfg = Debug|Any CPU
		{DCB167B4-AA86-4AC1-96B2-752EEA2555CA}.Debug|Any CPU.Build.0 = Debug|Any CPU
		{DCB167B4-AA86-4AC1-96B2-752EEA2555CA}.Release|Any CPU.ActiveCfg = Release|Any CPU
		{DCB167B4-AA86-4AC1-96B2-752EEA2555CA}.Release|Any CPU.Build.0 = Release|Any CPU
	EndGlobalSection
	GlobalSection(SolutionProperties) = preSolution
		HideSolutionNode = FALSE
	EndGlobalSection
	GlobalSection(ExtensibilityGlobals) = postSolution
		SolutionGuid = {C1DA421A-333B-4570-9744-E0F0442D6C7B}
	EndGlobalSection
EndGlobal
